
Microsoft Visual Studio Solution File, Format Version 12.00
# Visual Studio Version 17
VisualStudioVersion = 17.12.35514.174
MinimumVisualStudioVersion = 10.0.40219.1
Project("{FAE04EC0-301F-11D3-BF4B-00C04F79EFBC}") = "Assignment 04", "Assignment 04\Assignment 04.csproj", "{D6648B73-78DD-4A93-A607-4DAB2D9E11FF}"
EndProject
Project("{FAE04EC0-301F-11D3-BF4B-00C04F79EFBC}") = "Demo 04", "Demo 04\Demo 04.csproj", "{4F1835C1-4676-4173-BC43-E52C4840398B}"
EndProject
Global
	GlobalSection(SolutionConfigurationPlatforms) = preSolution
		Debug|Any CPU = Debug|Any CPU
		Release|Any CPU = Release|Any CPU
	EndGlobalSection
	GlobalSection(ProjectConfigurationPlatforms) = postSolution
		{D6648B73-78DD-4A93-A607-4DAB2D9E11FF}.Debug|Any CPU.ActiveCfg = Debug|Any CPU
		{D6648B73-78DD-4A93-A607-4DAB2D9E11FF}.Debug|Any CPU.Build.0 = Debug|Any CPU
		{D6648B73-78DD-4A93-A607-4DAB2D9E11FF}.Release|Any CPU.ActiveCfg = Release|Any CPU
		{D6648B73-78DD-4A93-A607-4DAB2D9E11FF}.Release|Any CPU.Build.0 = Release|Any CPU
		{4F1835C1-4676-4173-BC43-E52C4840398B}.Debug|Any CPU.ActiveCfg = Debug|Any CPU
		{4F1835C1-4676-4173-BC43-E52C4840398B}.Debug|Any CPU.Build.0 = Debug|Any CPU
		{4F1835C1-4676-4173-BC43-E52C4840398B}.Release|Any CPU.ActiveCfg = Release|Any CPU
		{4F1835C1-4676-4173-BC43-E52C4840398B}.Release|Any CPU.Build.0 = Release|Any CPU
	EndGlobalSection
	GlobalSection(SolutionProperties) = preSolution
		HideSolutionNode = FALSE
	EndGlobalSection
EndGlobal
